<?xml version="1.0" encoding="utf-8"?>
<Project ToolsVersion="16.0" xmlns="http://schemas.microsoft.com/developer/msbuild/2003">
  <ItemGroup>
    <ClCompile Include="D:\Lokale Dokumenter\GameProgramming2021\SimpleRenderEngineProject\project\platformer\BirdMovementComponent.cpp">
      <Filter>Source Files</Filter>
    </ClCompile>
    <ClCompile Include="D:\Lokale Dokumenter\GameProgramming2021\SimpleRenderEngineProject\project\platformer\Box2DDebugDraw.cpp">
      <Filter>Source Files</Filter>
    </ClCompile>
    <ClCompile Include="D:\Lokale Dokumenter\GameProgramming2021\SimpleRenderEngineProject\project\platformer\CharacterController.cpp">
      <Filter>Source Files</Filter>
    </ClCompile>
    <ClCompile Include="D:\Lokale Dokumenter\GameProgramming2021\SimpleRenderEngineProject\project\platformer\Component.cpp">
      <Filter>Source Files</Filter>
    </ClCompile>
    <ClCompile Include="D:\Lokale Dokumenter\GameProgramming2021\SimpleRenderEngineProject\project\platformer\GameObject.cpp">
      <Filter>Source Files</Filter>
    </ClCompile>
    <ClCompile Include="D:\Lokale Dokumenter\GameProgramming2021\SimpleRenderEngineProject\project\platformer\Level.cpp">
      <Filter>Source Files</Filter>
    </ClCompile>
    <ClCompile Include="D:\Lokale Dokumenter\GameProgramming2021\SimpleRenderEngineProject\project\platformer\MovingPlatformComponent.cpp">
      <Filter>Source Files</Filter>
    </ClCompile>
    <ClCompile Include="D:\Lokale Dokumenter\GameProgramming2021\SimpleRenderEngineProject\project\platformer\PhysicsComponent.cpp">
      <Filter>Source Files</Filter>
    </ClCompile>
    <ClCompile Include="D:\Lokale Dokumenter\GameProgramming2021\SimpleRenderEngineProject\project\platformer\PlatformComponent.cpp">
      <Filter>Source Files</Filter>
    </ClCompile>
    <ClCompile Include="D:\Lokale Dokumenter\GameProgramming2021\SimpleRenderEngineProject\project\platformer\PlatformerGame.cpp">
      <Filter>Source Files</Filter>
    </ClCompile>
    <ClCompile Include="D:\Lokale Dokumenter\GameProgramming2021\SimpleRenderEngineProject\project\platformer\SideScrollingCamera.cpp">
      <Filter>Source Files</Filter>
    </ClCompile>
    <ClCompile Include="D:\Lokale Dokumenter\GameProgramming2021\SimpleRenderEngineProject\project\platformer\SpriteComponent.cpp">
      <Filter>Source Files</Filter>
    </ClCompile>
    <ClCompile Include="D:\Lokale Dokumenter\GameProgramming2021\SimpleRenderEngineProject\project\platformer\main.cpp">
      <Filter>Source Files</Filter>
    </ClCompile>
  </ItemGroup>
  <ItemGroup>
    <ClInclude Include="D:\Lokale Dokumenter\GameProgramming2021\SimpleRenderEngineProject\project\platformer\BirdMovementComponent.hpp">
      <Filter>Header Files</Filter>
    </ClInclude>
    <ClInclude Include="D:\Lokale Dokumenter\GameProgramming2021\SimpleRenderEngineProject\project\platformer\Box2DDebugDraw.hpp">
      <Filter>Header Files</Filter>
    </ClInclude>
    <ClInclude Include="D:\Lokale Dokumenter\GameProgramming2021\SimpleRenderEngineProject\project\platformer\CharacterController.hpp">
      <Filter>Header Files</Filter>
    </ClInclude>
    <ClInclude Include="D:\Lokale Dokumenter\GameProgramming2021\SimpleRenderEngineProject\project\platformer\Component.hpp">
      <Filter>Header Files</Filter>
    </ClInclude>
    <ClInclude Include="D:\Lokale Dokumenter\GameProgramming2021\SimpleRenderEngineProject\project\platformer\GameObject.hpp">
      <Filter>Header Files</Filter>
    </ClInclude>
    <ClInclude Include="D:\Lokale Dokumenter\GameProgramming2021\SimpleRenderEngineProject\project\platformer\Level.hpp">
      <Filter>Header Files</Filter>
    </ClInclude>
    <ClInclude Include="D:\Lokale Dokumenter\GameProgramming2021\SimpleRenderEngineProject\project\platformer\MovingPlatformComponent.hpp">
      <Filter>Header Files</Filter>
    </ClInclude>
    <ClInclude Include="D:\Lokale Dokumenter\GameProgramming2021\SimpleRenderEngineProject\project\platformer\PhysicsComponent.hpp">
      <Filter>Header Files</Filter>
    </ClInclude>
    <ClInclude Include="D:\Lokale Dokumenter\GameProgramming2021\SimpleRenderEngineProject\project\platformer\PlatformComponent.hpp">
      <Filter>Header Files</Filter>
    </ClInclude>
    <ClInclude Include="D:\Lokale Dokumenter\GameProgramming2021\SimpleRenderEngineProject\project\platformer\PlatformerGame.hpp">
      <Filter>Header Files</Filter>
    </ClInclude>
    <ClInclude Include="D:\Lokale Dokumenter\GameProgramming2021\SimpleRenderEngineProject\project\platformer\SideScrollingCamera.hpp">
      <Filter>Header Files</Filter>
    </ClInclude>
    <ClInclude Include="D:\Lokale Dokumenter\GameProgramming2021\SimpleRenderEngineProject\project\platformer\SpriteComponent.hpp">
      <Filter>Header Files</Filter>
    </ClInclude>
  </ItemGroup>
  <ItemGroup>
    <CustomBuild Include="D:\Lokale Dokumenter\GameProgramming2021\SimpleRenderEngineProject\project\platformer\CMakeLists.txt" />
  </ItemGroup>
  <ItemGroup>
    <Filter Include="Header Files">
      <UniqueIdentifier>{5D6DDC4A-3C0A-3A2E-A84D-D97A881CCE0A}</UniqueIdentifier>
    </Filter>
    <Filter Include="Source Files">
      <UniqueIdentifier>{F4E64B91-DA5A-3669-8FDE-6198B2C6A7EE}</UniqueIdentifier>
    </Filter>
  </ItemGroup>
</Project>
