
Microsoft Visual Studio Solution File, Format Version 12.00
# Visual Studio Version 16
Project("{8BC9CEB8-8B4A-11D0-8D11-00A0C91BC942}") = "ALL_BUILD", "ALL_BUILD.vcxproj", "{808E9B72-429C-3E04-A4FC-5F779BAC269A}"
	ProjectSection(ProjectDependencies) = postProject
		{69108E64-B2BD-3359-9F54-C6ADC7D3E8AB} = {69108E64-B2BD-3359-9F54-C6ADC7D3E8AB}
		{64B8BF7F-E3FC-37BF-A610-791A2F692EC7} = {64B8BF7F-E3FC-37BF-A610-791A2F692EC7}
		{32F62806-D603-3B1F-AC66-4D8F9DCD5545} = {32F62806-D603-3B1F-AC66-4D8F9DCD5545}
		{66ECED7A-1414-3FE7-B1AD-A451C3CC6EB2} = {66ECED7A-1414-3FE7-B1AD-A451C3CC6EB2}
		{9BC6DCE7-E25A-38A4-BFF0-D0645ADF118A} = {9BC6DCE7-E25A-38A4-BFF0-D0645ADF118A}
		{B3893DDD-F481-39B4-B146-AC644D63B212} = {B3893DDD-F481-39B4-B146-AC644D63B212}
		{9F4B9E47-7D3B-343D-BB1A-35368AD85521} = {9F4B9E47-7D3B-343D-BB1A-35368AD85521}
		{FA27F7F2-3E82-3C3E-A190-F64602C4FB21} = {FA27F7F2-3E82-3C3E-A190-F64602C4FB21}
		{9F8D10D3-D540-3EF0-BBA5-CF9451D73ED0} = {9F8D10D3-D540-3EF0-BBA5-CF9451D73ED0}
		{4BF5ED6C-EBC9-3B7B-9380-E4C6F81AB749} = {4BF5ED6C-EBC9-3B7B-9380-E4C6F81AB749}
		{B9C23E4C-E5FC-3C02-980C-5D5B90B9C35D} = {B9C23E4C-E5FC-3C02-980C-5D5B90B9C35D}
		{27B4B9DE-5602-3380-AFD0-E34969382867} = {27B4B9DE-5602-3380-AFD0-E34969382867}
		{6A32ED52-B289-38A4-898B-10CC09846413} = {6A32ED52-B289-38A4-898B-10CC09846413}
		{3EE8ECD3-D960-3C5E-B100-6B1EB08B4ECC} = {3EE8ECD3-D960-3C5E-B100-6B1EB08B4ECC}
		{9C64BFA6-C4EC-3FF7-8ECD-5B6E5CD69563} = {9C64BFA6-C4EC-3FF7-8ECD-5B6E5CD69563}
		{2AA35C6E-3DAD-3D2F-AE5F-39D8ED19323C} = {2AA35C6E-3DAD-3D2F-AE5F-39D8ED19323C}
		{3E0355F0-8472-30D4-BA91-FE922C5A5246} = {3E0355F0-8472-30D4-BA91-FE922C5A5246}
		{4CE4DC57-5877-3F76-8643-D8BB8AAB13A3} = {4CE4DC57-5877-3F76-8643-D8BB8AAB13A3}
		{98236ACD-4324-3D6F-956F-E936539CF78D} = {98236ACD-4324-3D6F-956F-E936539CF78D}
		{12C0F896-986B-3625-9778-3AE3E3B30C1A} = {12C0F896-986B-3625-9778-3AE3E3B30C1A}
	EndProjectSection
EndProject
Project("{8BC9CEB8-8B4A-11D0-8D11-00A0C91BC942}") = "INSTALL", "INSTALL.vcxproj", "{D8D31E28-C82A-3EDF-8962-110D01B1DB79}"
	ProjectSection(ProjectDependencies) = postProject
		{808E9B72-429C-3E04-A4FC-5F779BAC269A} = {808E9B72-429C-3E04-A4FC-5F779BAC269A}
		{12C0F896-986B-3625-9778-3AE3E3B30C1A} = {12C0F896-986B-3625-9778-3AE3E3B30C1A}
	EndProjectSection
EndProject
Project("{8BC9CEB8-8B4A-11D0-8D11-00A0C91BC942}") = "SRE", "src\SRE.vcxproj", "{69108E64-B2BD-3359-9F54-C6ADC7D3E8AB}"
	ProjectSection(ProjectDependencies) = postProject
		{12C0F896-986B-3625-9778-3AE3E3B30C1A} = {12C0F896-986B-3625-9778-3AE3E3B30C1A}
	EndProjectSection
EndProject
Project("{8BC9CEB8-8B4A-11D0-8D11-00A0C91BC942}") = "SRE-Example-00_hello-engine", "examples\SRE-Example-00_hello-engine.vcxproj", "{64B8BF7F-E3FC-37BF-A610-791A2F692EC7}"
	ProjectSection(ProjectDependencies) = postProject
		{69108E64-B2BD-3359-9F54-C6ADC7D3E8AB} = {69108E64-B2BD-3359-9F54-C6ADC7D3E8AB}
		{12C0F896-986B-3625-9778-3AE3E3B30C1A} = {12C0F896-986B-3625-9778-3AE3E3B30C1A}
	EndProjectSection
EndProject
Project("{8BC9CEB8-8B4A-11D0-8D11-00A0C91BC942}") = "SRE-Example-01_hello-engine-raw", "examples\SRE-Example-01_hello-engine-raw.vcxproj", "{32F62806-D603-3B1F-AC66-4D8F9DCD5545}"
	ProjectSection(ProjectDependencies) = postProject
		{69108E64-B2BD-3359-9F54-C6ADC7D3E8AB} = {69108E64-B2BD-3359-9F54-C6ADC7D3E8AB}
		{12C0F896-986B-3625-9778-3AE3E3B30C1A} = {12C0F896-986B-3625-9778-3AE3E3B30C1A}
	EndProjectSection
EndProject
Project("{8BC9CEB8-8B4A-11D0-8D11-00A0C91BC942}") = "SRE-Example-02_spheres", "examples\SRE-Example-02_spheres.vcxproj", "{66ECED7A-1414-3FE7-B1AD-A451C3CC6EB2}"
	ProjectSection(ProjectDependencies) = postProject
		{69108E64-B2BD-3359-9F54-C6ADC7D3E8AB} = {69108E64-B2BD-3359-9F54-C6ADC7D3E8AB}
		{12C0F896-986B-3625-9778-3AE3E3B30C1A} = {12C0F896-986B-3625-9778-3AE3E3B30C1A}
	EndProjectSection
EndProject
Project("{8BC9CEB8-8B4A-11D0-8D11-00A0C91BC942}") = "SRE-Example-03_spinning-cube", "examples\SRE-Example-03_spinning-cube.vcxproj", "{9BC6DCE7-E25A-38A4-BFF0-D0645ADF118A}"
	ProjectSection(ProjectDependencies) = postProject
		{69108E64-B2BD-3359-9F54-C6ADC7D3E8AB} = {69108E64-B2BD-3359-9F54-C6ADC7D3E8AB}
		{12C0F896-986B-3625-9778-3AE3E3B30C1A} = {12C0F896-986B-3625-9778-3AE3E3B30C1A}
	EndProjectSection
EndProject
Project("{8BC9CEB8-8B4A-11D0-8D11-00A0C91BC942}") = "SRE-Example-04_spinning-primitives-tex", "examples\SRE-Example-04_spinning-primitives-tex.vcxproj", "{B3893DDD-F481-39B4-B146-AC644D63B212}"
	ProjectSection(ProjectDependencies) = postProject
		{69108E64-B2BD-3359-9F54-C6ADC7D3E8AB} = {69108E64-B2BD-3359-9F54-C6ADC7D3E8AB}
		{12C0F896-986B-3625-9778-3AE3E3B30C1A} = {12C0F896-986B-3625-9778-3AE3E3B30C1A}
	EndProjectSection
EndProject
Project("{8BC9CEB8-8B4A-11D0-8D11-00A0C91BC942}") = "SRE-Example-05_obj-viewer", "examples\SRE-Example-05_obj-viewer.vcxproj", "{9F4B9E47-7D3B-343D-BB1A-35368AD85521}"
	ProjectSection(ProjectDependencies) = postProject
		{69108E64-B2BD-3359-9F54-C6ADC7D3E8AB} = {69108E64-B2BD-3359-9F54-C6ADC7D3E8AB}
		{12C0F896-986B-3625-9778-3AE3E3B30C1A} = {12C0F896-986B-3625-9778-3AE3E3B30C1A}
	EndProjectSection
EndProject
Project("{8BC9CEB8-8B4A-11D0-8D11-00A0C91BC942}") = "SRE-Example-06_custom-mesh-layout", "examples\SRE-Example-06_custom-mesh-layout.vcxproj", "{FA27F7F2-3E82-3C3E-A190-F64602C4FB21}"
	ProjectSection(ProjectDependencies) = postProject
		{69108E64-B2BD-3359-9F54-C6ADC7D3E8AB} = {69108E64-B2BD-3359-9F54-C6ADC7D3E8AB}
		{12C0F896-986B-3625-9778-3AE3E3B30C1A} = {12C0F896-986B-3625-9778-3AE3E3B30C1A}
	EndProjectSection
EndProject
Project("{8BC9CEB8-8B4A-11D0-8D11-00A0C91BC942}") = "SRE-Example-07_matcap", "examples\SRE-Example-07_matcap.vcxproj", "{9F8D10D3-D540-3EF0-BBA5-CF9451D73ED0}"
	ProjectSection(ProjectDependencies) = postProject
		{69108E64-B2BD-3359-9F54-C6ADC7D3E8AB} = {69108E64-B2BD-3359-9F54-C6ADC7D3E8AB}
		{12C0F896-986B-3625-9778-3AE3E3B30C1A} = {12C0F896-986B-3625-9778-3AE3E3B30C1A}
	EndProjectSection
EndProject
Project("{8BC9CEB8-8B4A-11D0-8D11-00A0C91BC942}") = "SRE-Example-08_gui", "examples\SRE-Example-08_gui.vcxproj", "{4BF5ED6C-EBC9-3B7B-9380-E4C6F81AB749}"
	ProjectSection(ProjectDependencies) = postProject
		{69108E64-B2BD-3359-9F54-C6ADC7D3E8AB} = {69108E64-B2BD-3359-9F54-C6ADC7D3E8AB}
		{12C0F896-986B-3625-9778-3AE3E3B30C1A} = {12C0F896-986B-3625-9778-3AE3E3B30C1A}
	EndProjectSection
EndProject
Project("{8BC9CEB8-8B4A-11D0-8D11-00A0C91BC942}") = "SRE-Example-09_picking", "examples\SRE-Example-09_picking.vcxproj", "{B9C23E4C-E5FC-3C02-980C-5D5B90B9C35D}"
	ProjectSection(ProjectDependencies) = postProject
		{69108E64-B2BD-3359-9F54-C6ADC7D3E8AB} = {69108E64-B2BD-3359-9F54-C6ADC7D3E8AB}
		{12C0F896-986B-3625-9778-3AE3E3B30C1A} = {12C0F896-986B-3625-9778-3AE3E3B30C1A}
	EndProjectSection
EndProject
Project("{8BC9CEB8-8B4A-11D0-8D11-00A0C91BC942}") = "SRE-Example-10_skybox-example", "examples\SRE-Example-10_skybox-example.vcxproj", "{27B4B9DE-5602-3380-AFD0-E34969382867}"
	ProjectSection(ProjectDependencies) = postProject
		{69108E64-B2BD-3359-9F54-C6ADC7D3E8AB} = {69108E64-B2BD-3359-9F54-C6ADC7D3E8AB}
		{12C0F896-986B-3625-9778-3AE3E3B30C1A} = {12C0F896-986B-3625-9778-3AE3E3B30C1A}
	EndProjectSection
EndProject
Project("{8BC9CEB8-8B4A-11D0-8D11-00A0C91BC942}") = "SRE-Example-11_sprite-example", "examples\SRE-Example-11_sprite-example.vcxproj", "{6A32ED52-B289-38A4-898B-10CC09846413}"
	ProjectSection(ProjectDependencies) = postProject
		{69108E64-B2BD-3359-9F54-C6ADC7D3E8AB} = {69108E64-B2BD-3359-9F54-C6ADC7D3E8AB}
		{12C0F896-986B-3625-9778-3AE3E3B30C1A} = {12C0F896-986B-3625-9778-3AE3E3B30C1A}
	EndProjectSection
EndProject
Project("{8BC9CEB8-8B4A-11D0-8D11-00A0C91BC942}") = "SRE-Example-12_render-to-texture", "examples\SRE-Example-12_render-to-texture.vcxproj", "{3EE8ECD3-D960-3C5E-B100-6B1EB08B4ECC}"
	ProjectSection(ProjectDependencies) = postProject
		{69108E64-B2BD-3359-9F54-C6ADC7D3E8AB} = {69108E64-B2BD-3359-9F54-C6ADC7D3E8AB}
		{12C0F896-986B-3625-9778-3AE3E3B30C1A} = {12C0F896-986B-3625-9778-3AE3E3B30C1A}
	EndProjectSection
EndProject
Project("{8BC9CEB8-8B4A-11D0-8D11-00A0C91BC942}") = "SRE-Example-13_benchmark64k", "examples\SRE-Example-13_benchmark64k.vcxproj", "{9C64BFA6-C4EC-3FF7-8ECD-5B6E5CD69563}"
	ProjectSection(ProjectDependencies) = postProject
		{69108E64-B2BD-3359-9F54-C6ADC7D3E8AB} = {69108E64-B2BD-3359-9F54-C6ADC7D3E8AB}
		{12C0F896-986B-3625-9778-3AE3E3B30C1A} = {12C0F896-986B-3625-9778-3AE3E3B30C1A}
	EndProjectSection
EndProject
Project("{8BC9CEB8-8B4A-11D0-8D11-00A0C91BC942}") = "SRE-Example-14_spinning-primitives-openvr", "examples\SRE-Example-14_spinning-primitives-openvr.vcxproj", "{2AA35C6E-3DAD-3D2F-AE5F-39D8ED19323C}"
	ProjectSection(ProjectDependencies) = postProject
		{69108E64-B2BD-3359-9F54-C6ADC7D3E8AB} = {69108E64-B2BD-3359-9F54-C6ADC7D3E8AB}
		{12C0F896-986B-3625-9778-3AE3E3B30C1A} = {12C0F896-986B-3625-9778-3AE3E3B30C1A}
	EndProjectSection
EndProject
Project("{8BC9CEB8-8B4A-11D0-8D11-00A0C91BC942}") = "SRE-Example-15_cloth_simulation", "examples\SRE-Example-15_cloth_simulation.vcxproj", "{3E0355F0-8472-30D4-BA91-FE922C5A5246}"
	ProjectSection(ProjectDependencies) = postProject
		{69108E64-B2BD-3359-9F54-C6ADC7D3E8AB} = {69108E64-B2BD-3359-9F54-C6ADC7D3E8AB}
		{12C0F896-986B-3625-9778-3AE3E3B30C1A} = {12C0F896-986B-3625-9778-3AE3E3B30C1A}
	EndProjectSection
EndProject
Project("{8BC9CEB8-8B4A-11D0-8D11-00A0C91BC942}") = "SRE-Example-16_shadows", "examples\SRE-Example-16_shadows.vcxproj", "{4CE4DC57-5877-3F76-8643-D8BB8AAB13A3}"
	ProjectSection(ProjectDependencies) = postProject
		{69108E64-B2BD-3359-9F54-C6ADC7D3E8AB} = {69108E64-B2BD-3359-9F54-C6ADC7D3E8AB}
		{12C0F896-986B-3625-9778-3AE3E3B30C1A} = {12C0F896-986B-3625-9778-3AE3E3B30C1A}
	EndProjectSection
EndProject
Project("{8BC9CEB8-8B4A-11D0-8D11-00A0C91BC942}") = "SRE-Example-17_deferred-shading", "examples\SRE-Example-17_deferred-shading.vcxproj", "{98236ACD-4324-3D6F-956F-E936539CF78D}"
	ProjectSection(ProjectDependencies) = postProject
		{69108E64-B2BD-3359-9F54-C6ADC7D3E8AB} = {69108E64-B2BD-3359-9F54-C6ADC7D3E8AB}
		{12C0F896-986B-3625-9778-3AE3E3B30C1A} = {12C0F896-986B-3625-9778-3AE3E3B30C1A}
	EndProjectSection
EndProject
Project("{8BC9CEB8-8B4A-11D0-8D11-00A0C91BC942}") = "ZERO_CHECK", "..\..\\ZERO_CHECK.vcxproj", "{12C0F896-986B-3625-9778-3AE3E3B30C1A}"
	ProjectSection(ProjectDependencies) = postProject
	EndProjectSection
EndProject
Global
	GlobalSection(SolutionConfigurationPlatforms) = preSolution
		Debug|Win32 = Debug|Win32
		Release|Win32 = Release|Win32
		MinSizeRel|Win32 = MinSizeRel|Win32
		RelWithDebInfo|Win32 = RelWithDebInfo|Win32
	EndGlobalSection
	GlobalSection(ProjectConfigurationPlatforms) = postSolution
		{808E9B72-429C-3E04-A4FC-5F779BAC269A}.Debug|Win32.ActiveCfg = Debug|Win32
		{808E9B72-429C-3E04-A4FC-5F779BAC269A}.Debug|Win32.Build.0 = Debug|Win32
		{808E9B72-429C-3E04-A4FC-5F779BAC269A}.Release|Win32.ActiveCfg = Release|Win32
		{808E9B72-429C-3E04-A4FC-5F779BAC269A}.Release|Win32.Build.0 = Release|Win32
		{808E9B72-429C-3E04-A4FC-5F779BAC269A}.MinSizeRel|Win32.ActiveCfg = MinSizeRel|Win32
		{808E9B72-429C-3E04-A4FC-5F779BAC269A}.MinSizeRel|Win32.Build.0 = MinSizeRel|Win32
		{808E9B72-429C-3E04-A4FC-5F779BAC269A}.RelWithDebInfo|Win32.ActiveCfg = RelWithDebInfo|Win32
		{808E9B72-429C-3E04-A4FC-5F779BAC269A}.RelWithDebInfo|Win32.Build.0 = RelWithDebInfo|Win32
		{D8D31E28-C82A-3EDF-8962-110D01B1DB79}.Debug|Win32.ActiveCfg = Debug|Win32
		{D8D31E28-C82A-3EDF-8962-110D01B1DB79}.Release|Win32.ActiveCfg = Release|Win32
		{D8D31E28-C82A-3EDF-8962-110D01B1DB79}.MinSizeRel|Win32.ActiveCfg = MinSizeRel|Win32
		{D8D31E28-C82A-3EDF-8962-110D01B1DB79}.RelWithDebInfo|Win32.ActiveCfg = RelWithDebInfo|Win32
		{69108E64-B2BD-3359-9F54-C6ADC7D3E8AB}.Debug|Win32.ActiveCfg = Debug|Win32
		{69108E64-B2BD-3359-9F54-C6ADC7D3E8AB}.Debug|Win32.Build.0 = Debug|Win32
		{69108E64-B2BD-3359-9F54-C6ADC7D3E8AB}.Release|Win32.ActiveCfg = Release|Win32
		{69108E64-B2BD-3359-9F54-C6ADC7D3E8AB}.Release|Win32.Build.0 = Release|Win32
		{69108E64-B2BD-3359-9F54-C6ADC7D3E8AB}.MinSizeRel|Win32.ActiveCfg = MinSizeRel|Win32
		{69108E64-B2BD-3359-9F54-C6ADC7D3E8AB}.MinSizeRel|Win32.Build.0 = MinSizeRel|Win32
		{69108E64-B2BD-3359-9F54-C6ADC7D3E8AB}.RelWithDebInfo|Win32.ActiveCfg = RelWithDebInfo|Win32
		{69108E64-B2BD-3359-9F54-C6ADC7D3E8AB}.RelWithDebInfo|Win32.Build.0 = RelWithDebInfo|Win32
		{64B8BF7F-E3FC-37BF-A610-791A2F692EC7}.Debug|Win32.ActiveCfg = Debug|Win32
		{64B8BF7F-E3FC-37BF-A610-791A2F692EC7}.Debug|Win32.Build.0 = Debug|Win32
		{64B8BF7F-E3FC-37BF-A610-791A2F692EC7}.Release|Win32.ActiveCfg = Release|Win32
		{64B8BF7F-E3FC-37BF-A610-791A2F692EC7}.Release|Win32.Build.0 = Release|Win32
		{64B8BF7F-E3FC-37BF-A610-791A2F692EC7}.MinSizeRel|Win32.ActiveCfg = MinSizeRel|Win32
		{64B8BF7F-E3FC-37BF-A610-791A2F692EC7}.MinSizeRel|Win32.Build.0 = MinSizeRel|Win32
		{64B8BF7F-E3FC-37BF-A610-791A2F692EC7}.RelWithDebInfo|Win32.ActiveCfg = RelWithDebInfo|Win32
		{64B8BF7F-E3FC-37BF-A610-791A2F692EC7}.RelWithDebInfo|Win32.Build.0 = RelWithDebInfo|Win32
		{32F62806-D603-3B1F-AC66-4D8F9DCD5545}.Debug|Win32.ActiveCfg = Debug|Win32
		{32F62806-D603-3B1F-AC66-4D8F9DCD5545}.Debug|Win32.Build.0 = Debug|Win32
		{32F62806-D603-3B1F-AC66-4D8F9DCD5545}.Release|Win32.ActiveCfg = Release|Win32
		{32F62806-D603-3B1F-AC66-4D8F9DCD5545}.Release|Win32.Build.0 = Release|Win32
		{32F62806-D603-3B1F-AC66-4D8F9DCD5545}.MinSizeRel|Win32.ActiveCfg = MinSizeRel|Win32
		{32F62806-D603-3B1F-AC66-4D8F9DCD5545}.MinSizeRel|Win32.Build.0 = MinSizeRel|Win32
		{32F62806-D603-3B1F-AC66-4D8F9DCD5545}.RelWithDebInfo|Win32.ActiveCfg = RelWithDebInfo|Win32
		{32F62806-D603-3B1F-AC66-4D8F9DCD5545}.RelWithDebInfo|Win32.Build.0 = RelWithDebInfo|Win32
		{66ECED7A-1414-3FE7-B1AD-A451C3CC6EB2}.Debug|Win32.ActiveCfg = Debug|Win32
		{66ECED7A-1414-3FE7-B1AD-A451C3CC6EB2}.Debug|Win32.Build.0 = Debug|Win32
		{66ECED7A-1414-3FE7-B1AD-A451C3CC6EB2}.Release|Win32.ActiveCfg = Release|Win32
		{66ECED7A-1414-3FE7-B1AD-A451C3CC6EB2}.Release|Win32.Build.0 = Release|Win32
		{66ECED7A-1414-3FE7-B1AD-A451C3CC6EB2}.MinSizeRel|Win32.ActiveCfg = MinSizeRel|Win32
		{66ECED7A-1414-3FE7-B1AD-A451C3CC6EB2}.MinSizeRel|Win32.Build.0 = MinSizeRel|Win32
		{66ECED7A-1414-3FE7-B1AD-A451C3CC6EB2}.RelWithDebInfo|Win32.ActiveCfg = RelWithDebInfo|Win32
		{66ECED7A-1414-3FE7-B1AD-A451C3CC6EB2}.RelWithDebInfo|Win32.Build.0 = RelWithDebInfo|Win32
		{9BC6DCE7-E25A-38A4-BFF0-D0645ADF118A}.Debug|Win32.ActiveCfg = Debug|Win32
		{9BC6DCE7-E25A-38A4-BFF0-D0645ADF118A}.Debug|Win32.Build.0 = Debug|Win32
		{9BC6DCE7-E25A-38A4-BFF0-D0645ADF118A}.Release|Win32.ActiveCfg = Release|Win32
		{9BC6DCE7-E25A-38A4-BFF0-D0645ADF118A}.Release|Win32.Build.0 = Release|Win32
		{9BC6DCE7-E25A-38A4-BFF0-D0645ADF118A}.MinSizeRel|Win32.ActiveCfg = MinSizeRel|Win32
		{9BC6DCE7-E25A-38A4-BFF0-D0645ADF118A}.MinSizeRel|Win32.Build.0 = MinSizeRel|Win32
		{9BC6DCE7-E25A-38A4-BFF0-D0645ADF118A}.RelWithDebInfo|Win32.ActiveCfg = RelWithDebInfo|Win32
		{9BC6DCE7-E25A-38A4-BFF0-D0645ADF118A}.RelWithDebInfo|Win32.Build.0 = RelWithDebInfo|Win32
		{B3893DDD-F481-39B4-B146-AC644D63B212}.Debug|Win32.ActiveCfg = Debug|Win32
		{B3893DDD-F481-39B4-B146-AC644D63B212}.Debug|Win32.Build.0 = Debug|Win32
		{B3893DDD-F481-39B4-B146-AC644D63B212}.Release|Win32.ActiveCfg = Release|Win32
		{B3893DDD-F481-39B4-B146-AC644D63B212}.Release|Win32.Build.0 = Release|Win32
		{B3893DDD-F481-39B4-B146-AC644D63B212}.MinSizeRel|Win32.ActiveCfg = MinSizeRel|Win32
		{B3893DDD-F481-39B4-B146-AC644D63B212}.MinSizeRel|Win32.Build.0 = MinSizeRel|Win32
		{B3893DDD-F481-39B4-B146-AC644D63B212}.RelWithDebInfo|Win32.ActiveCfg = RelWithDebInfo|Win32
		{B3893DDD-F481-39B4-B146-AC644D63B212}.RelWithDebInfo|Win32.Build.0 = RelWithDebInfo|Win32
		{9F4B9E47-7D3B-343D-BB1A-35368AD85521}.Debug|Win32.ActiveCfg = Debug|Win32
		{9F4B9E47-7D3B-343D-BB1A-35368AD85521}.Debug|Win32.Build.0 = Debug|Win32
		{9F4B9E47-7D3B-343D-BB1A-35368AD85521}.Release|Win32.ActiveCfg = Release|Win32
		{9F4B9E47-7D3B-343D-BB1A-35368AD85521}.Release|Win32.Build.0 = Release|Win32
		{9F4B9E47-7D3B-343D-BB1A-35368AD85521}.MinSizeRel|Win32.ActiveCfg = MinSizeRel|Win32
		{9F4B9E47-7D3B-343D-BB1A-35368AD85521}.MinSizeRel|Win32.Build.0 = MinSizeRel|Win32
		{9F4B9E47-7D3B-343D-BB1A-35368AD85521}.RelWithDebInfo|Win32.ActiveCfg = RelWithDebInfo|Win32
		{9F4B9E47-7D3B-343D-BB1A-35368AD85521}.RelWithDebInfo|Win32.Build.0 = RelWithDebInfo|Win32
		{FA27F7F2-3E82-3C3E-A190-F64602C4FB21}.Debug|Win32.ActiveCfg = Debug|Win32
		{FA27F7F2-3E82-3C3E-A190-F64602C4FB21}.Debug|Win32.Build.0 = Debug|Win32
		{FA27F7F2-3E82-3C3E-A190-F64602C4FB21}.Release|Win32.ActiveCfg = Release|Win32
		{FA27F7F2-3E82-3C3E-A190-F64602C4FB21}.Release|Win32.Build.0 = Release|Win32
		{FA27F7F2-3E82-3C3E-A190-F64602C4FB21}.MinSizeRel|Win32.ActiveCfg = MinSizeRel|Win32
		{FA27F7F2-3E82-3C3E-A190-F64602C4FB21}.MinSizeRel|Win32.Build.0 = MinSizeRel|Win32
		{FA27F7F2-3E82-3C3E-A190-F64602C4FB21}.RelWithDebInfo|Win32.ActiveCfg = RelWithDebInfo|Win32
		{FA27F7F2-3E82-3C3E-A190-F64602C4FB21}.RelWithDebInfo|Win32.Build.0 = RelWithDebInfo|Win32
		{9F8D10D3-D540-3EF0-BBA5-CF9451D73ED0}.Debug|Win32.ActiveCfg = Debug|Win32
		{9F8D10D3-D540-3EF0-BBA5-CF9451D73ED0}.Debug|Win32.Build.0 = Debug|Win32
		{9F8D10D3-D540-3EF0-BBA5-CF9451D73ED0}.Release|Win32.ActiveCfg = Release|Win32
		{9F8D10D3-D540-3EF0-BBA5-CF9451D73ED0}.Release|Win32.Build.0 = Release|Win32
		{9F8D10D3-D540-3EF0-BBA5-CF9451D73ED0}.MinSizeRel|Win32.ActiveCfg = MinSizeRel|Win32
		{9F8D10D3-D540-3EF0-BBA5-CF9451D73ED0}.MinSizeRel|Win32.Build.0 = MinSizeRel|Win32
		{9F8D10D3-D540-3EF0-BBA5-CF9451D73ED0}.RelWithDebInfo|Win32.ActiveCfg = RelWithDebInfo|Win32
		{9F8D10D3-D540-3EF0-BBA5-CF9451D73ED0}.RelWithDebInfo|Win32.Build.0 = RelWithDebInfo|Win32
		{4BF5ED6C-EBC9-3B7B-9380-E4C6F81AB749}.Debug|Win32.ActiveCfg = Debug|Win32
		{4BF5ED6C-EBC9-3B7B-9380-E4C6F81AB749}.Debug|Win32.Build.0 = Debug|Win32
		{4BF5ED6C-EBC9-3B7B-9380-E4C6F81AB749}.Release|Win32.ActiveCfg = Release|Win32
		{4BF5ED6C-EBC9-3B7B-9380-E4C6F81AB749}.Release|Win32.Build.0 = Release|Win32
		{4BF5ED6C-EBC9-3B7B-9380-E4C6F81AB749}.MinSizeRel|Win32.ActiveCfg = MinSizeRel|Win32
		{4BF5ED6C-EBC9-3B7B-9380-E4C6F81AB749}.MinSizeRel|Win32.Build.0 = MinSizeRel|Win32
		{4BF5ED6C-EBC9-3B7B-9380-E4C6F81AB749}.RelWithDebInfo|Win32.ActiveCfg = RelWithDebInfo|Win32
		{4BF5ED6C-EBC9-3B7B-9380-E4C6F81AB749}.RelWithDebInfo|Win32.Build.0 = RelWithDebInfo|Win32
		{B9C23E4C-E5FC-3C02-980C-5D5B90B9C35D}.Debug|Win32.ActiveCfg = Debug|Win32
		{B9C23E4C-E5FC-3C02-980C-5D5B90B9C35D}.Debug|Win32.Build.0 = Debug|Win32
		{B9C23E4C-E5FC-3C02-980C-5D5B90B9C35D}.Release|Win32.ActiveCfg = Release|Win32
		{B9C23E4C-E5FC-3C02-980C-5D5B90B9C35D}.Release|Win32.Build.0 = Release|Win32
		{B9C23E4C-E5FC-3C02-980C-5D5B90B9C35D}.MinSizeRel|Win32.ActiveCfg = MinSizeRel|Win32
		{B9C23E4C-E5FC-3C02-980C-5D5B90B9C35D}.MinSizeRel|Win32.Build.0 = MinSizeRel|Win32
		{B9C23E4C-E5FC-3C02-980C-5D5B90B9C35D}.RelWithDebInfo|Win32.ActiveCfg = RelWithDebInfo|Win32
		{B9C23E4C-E5FC-3C02-980C-5D5B90B9C35D}.RelWithDebInfo|Win32.Build.0 = RelWithDebInfo|Win32
		{27B4B9DE-5602-3380-AFD0-E34969382867}.Debug|Win32.ActiveCfg = Debug|Win32
		{27B4B9DE-5602-3380-AFD0-E34969382867}.Debug|Win32.Build.0 = Debug|Win32
		{27B4B9DE-5602-3380-AFD0-E34969382867}.Release|Win32.ActiveCfg = Release|Win32
		{27B4B9DE-5602-3380-AFD0-E34969382867}.Release|Win32.Build.0 = Release|Win32
		{27B4B9DE-5602-3380-AFD0-E34969382867}.MinSizeRel|Win32.ActiveCfg = MinSizeRel|Win32
		{27B4B9DE-5602-3380-AFD0-E34969382867}.MinSizeRel|Win32.Build.0 = MinSizeRel|Win32
		{27B4B9DE-5602-3380-AFD0-E34969382867}.RelWithDebInfo|Win32.ActiveCfg = RelWithDebInfo|Win32
		{27B4B9DE-5602-3380-AFD0-E34969382867}.RelWithDebInfo|Win32.Build.0 = RelWithDebInfo|Win32
		{6A32ED52-B289-38A4-898B-10CC09846413}.Debug|Win32.ActiveCfg = Debug|Win32
		{6A32ED52-B289-38A4-898B-10CC09846413}.Debug|Win32.Build.0 = Debug|Win32
		{6A32ED52-B289-38A4-898B-10CC09846413}.Release|Win32.ActiveCfg = Release|Win32
		{6A32ED52-B289-38A4-898B-10CC09846413}.Release|Win32.Build.0 = Release|Win32
		{6A32ED52-B289-38A4-898B-10CC09846413}.MinSizeRel|Win32.ActiveCfg = MinSizeRel|Win32
		{6A32ED52-B289-38A4-898B-10CC09846413}.MinSizeRel|Win32.Build.0 = MinSizeRel|Win32
		{6A32ED52-B289-38A4-898B-10CC09846413}.RelWithDebInfo|Win32.ActiveCfg = RelWithDebInfo|Win32
		{6A32ED52-B289-38A4-898B-10CC09846413}.RelWithDebInfo|Win32.Build.0 = RelWithDebInfo|Win32
		{3EE8ECD3-D960-3C5E-B100-6B1EB08B4ECC}.Debug|Win32.ActiveCfg = Debug|Win32
		{3EE8ECD3-D960-3C5E-B100-6B1EB08B4ECC}.Debug|Win32.Build.0 = Debug|Win32
		{3EE8ECD3-D960-3C5E-B100-6B1EB08B4ECC}.Release|Win32.ActiveCfg = Release|Win32
		{3EE8ECD3-D960-3C5E-B100-6B1EB08B4ECC}.Release|Win32.Build.0 = Release|Win32
		{3EE8ECD3-D960-3C5E-B100-6B1EB08B4ECC}.MinSizeRel|Win32.ActiveCfg = MinSizeRel|Win32
		{3EE8ECD3-D960-3C5E-B100-6B1EB08B4ECC}.MinSizeRel|Win32.Build.0 = MinSizeRel|Win32
		{3EE8ECD3-D960-3C5E-B100-6B1EB08B4ECC}.RelWithDebInfo|Win32.ActiveCfg = RelWithDebInfo|Win32
		{3EE8ECD3-D960-3C5E-B100-6B1EB08B4ECC}.RelWithDebInfo|Win32.Build.0 = RelWithDebInfo|Win32
		{9C64BFA6-C4EC-3FF7-8ECD-5B6E5CD69563}.Debug|Win32.ActiveCfg = Debug|Win32
		{9C64BFA6-C4EC-3FF7-8ECD-5B6E5CD69563}.Debug|Win32.Build.0 = Debug|Win32
		{9C64BFA6-C4EC-3FF7-8ECD-5B6E5CD69563}.Release|Win32.ActiveCfg = Release|Win32
		{9C64BFA6-C4EC-3FF7-8ECD-5B6E5CD69563}.Release|Win32.Build.0 = Release|Win32
		{9C64BFA6-C4EC-3FF7-8ECD-5B6E5CD69563}.MinSizeRel|Win32.ActiveCfg = MinSizeRel|Win32
		{9C64BFA6-C4EC-3FF7-8ECD-5B6E5CD69563}.MinSizeRel|Win32.Build.0 = MinSizeRel|Win32
		{9C64BFA6-C4EC-3FF7-8ECD-5B6E5CD69563}.RelWithDebInfo|Win32.ActiveCfg = RelWithDebInfo|Win32
		{9C64BFA6-C4EC-3FF7-8ECD-5B6E5CD69563}.RelWithDebInfo|Win32.Build.0 = RelWithDebInfo|Win32
		{2AA35C6E-3DAD-3D2F-AE5F-39D8ED19323C}.Debug|Win32.ActiveCfg = Debug|Win32
		{2AA35C6E-3DAD-3D2F-AE5F-39D8ED19323C}.Debug|Win32.Build.0 = Debug|Win32
		{2AA35C6E-3DAD-3D2F-AE5F-39D8ED19323C}.Release|Win32.ActiveCfg = Release|Win32
		{2AA35C6E-3DAD-3D2F-AE5F-39D8ED19323C}.Release|Win32.Build.0 = Release|Win32
		{2AA35C6E-3DAD-3D2F-AE5F-39D8ED19323C}.MinSizeRel|Win32.ActiveCfg = MinSizeRel|Win32
		{2AA35C6E-3DAD-3D2F-AE5F-39D8ED19323C}.MinSizeRel|Win32.Build.0 = MinSizeRel|Win32
		{2AA35C6E-3DAD-3D2F-AE5F-39D8ED19323C}.RelWithDebInfo|Win32.ActiveCfg = RelWithDebInfo|Win32
		{2AA35C6E-3DAD-3D2F-AE5F-39D8ED19323C}.RelWithDebInfo|Win32.Build.0 = RelWithDebInfo|Win32
		{3E0355F0-8472-30D4-BA91-FE922C5A5246}.Debug|Win32.ActiveCfg = Debug|Win32
		{3E0355F0-8472-30D4-BA91-FE922C5A5246}.Debug|Win32.Build.0 = Debug|Win32
		{3E0355F0-8472-30D4-BA91-FE922C5A5246}.Release|Win32.ActiveCfg = Release|Win32
		{3E0355F0-8472-30D4-BA91-FE922C5A5246}.Release|Win32.Build.0 = Release|Win32
		{3E0355F0-8472-30D4-BA91-FE922C5A5246}.MinSizeRel|Win32.ActiveCfg = MinSizeRel|Win32
		{3E0355F0-8472-30D4-BA91-FE922C5A5246}.MinSizeRel|Win32.Build.0 = MinSizeRel|Win32
		{3E0355F0-8472-30D4-BA91-FE922C5A5246}.RelWithDebInfo|Win32.ActiveCfg = RelWithDebInfo|Win32
		{3E0355F0-8472-30D4-BA91-FE922C5A5246}.RelWithDebInfo|Win32.Build.0 = RelWithDebInfo|Win32
		{4CE4DC57-5877-3F76-8643-D8BB8AAB13A3}.Debug|Win32.ActiveCfg = Debug|Win32
		{4CE4DC57-5877-3F76-8643-D8BB8AAB13A3}.Debug|Win32.Build.0 = Debug|Win32
		{4CE4DC57-5877-3F76-8643-D8BB8AAB13A3}.Release|Win32.ActiveCfg = Release|Win32
		{4CE4DC57-5877-3F76-8643-D8BB8AAB13A3}.Release|Win32.Build.0 = Release|Win32
		{4CE4DC57-5877-3F76-8643-D8BB8AAB13A3}.MinSizeRel|Win32.ActiveCfg = MinSizeRel|Win32
		{4CE4DC57-5877-3F76-8643-D8BB8AAB13A3}.MinSizeRel|Win32.Build.0 = MinSizeRel|Win32
		{4CE4DC57-5877-3F76-8643-D8BB8AAB13A3}.RelWithDebInfo|Win32.ActiveCfg = RelWithDebInfo|Win32
		{4CE4DC57-5877-3F76-8643-D8BB8AAB13A3}.RelWithDebInfo|Win32.Build.0 = RelWithDebInfo|Win32
		{98236ACD-4324-3D6F-956F-E936539CF78D}.Debug|Win32.ActiveCfg = Debug|Win32
		{98236ACD-4324-3D6F-956F-E936539CF78D}.Debug|Win32.Build.0 = Debug|Win32
		{98236ACD-4324-3D6F-956F-E936539CF78D}.Release|Win32.ActiveCfg = Release|Win32
		{98236ACD-4324-3D6F-956F-E936539CF78D}.Release|Win32.Build.0 = Release|Win32
		{98236ACD-4324-3D6F-956F-E936539CF78D}.MinSizeRel|Win32.ActiveCfg = MinSizeRel|Win32
		{98236ACD-4324-3D6F-956F-E936539CF78D}.MinSizeRel|Win32.Build.0 = MinSizeRel|Win32
		{98236ACD-4324-3D6F-956F-E936539CF78D}.RelWithDebInfo|Win32.ActiveCfg = RelWithDebInfo|Win32
		{98236ACD-4324-3D6F-956F-E936539CF78D}.RelWithDebInfo|Win32.Build.0 = RelWithDebInfo|Win32
		{12C0F896-986B-3625-9778-3AE3E3B30C1A}.Debug|Win32.ActiveCfg = Debug|Win32
		{12C0F896-986B-3625-9778-3AE3E3B30C1A}.Debug|Win32.Build.0 = Debug|Win32
		{12C0F896-986B-3625-9778-3AE3E3B30C1A}.Release|Win32.ActiveCfg = Release|Win32
		{12C0F896-986B-3625-9778-3AE3E3B30C1A}.Release|Win32.Build.0 = Release|Win32
		{12C0F896-986B-3625-9778-3AE3E3B30C1A}.MinSizeRel|Win32.ActiveCfg = MinSizeRel|Win32
		{12C0F896-986B-3625-9778-3AE3E3B30C1A}.MinSizeRel|Win32.Build.0 = MinSizeRel|Win32
		{12C0F896-986B-3625-9778-3AE3E3B30C1A}.RelWithDebInfo|Win32.ActiveCfg = RelWithDebInfo|Win32
		{12C0F896-986B-3625-9778-3AE3E3B30C1A}.RelWithDebInfo|Win32.Build.0 = RelWithDebInfo|Win32
	EndGlobalSection
	GlobalSection(ExtensibilityGlobals) = postSolution
		SolutionGuid = {2CCCFEB8-4F24-3D94-B1AC-A01912E44B51}
	EndGlobalSection
	GlobalSection(ExtensibilityAddIns) = postSolution
	EndGlobalSection
EndGlobal
