<?xml version="1.0" encoding="utf-8"?>
<Project ToolsVersion="16.0" xmlns="http://schemas.microsoft.com/developer/msbuild/2003">
  <ItemGroup>
    <ClCompile Include="D:\Lokale Dokumenter\GameProgramming2021\SimpleRenderEngineProject\submodules\SimpleRenderEngine\src\sre\Camera.cpp">
      <Filter>Source Files</Filter>
    </ClCompile>
    <ClCompile Include="D:\Lokale Dokumenter\GameProgramming2021\SimpleRenderEngineProject\submodules\SimpleRenderEngine\src\sre\Color.cpp">
      <Filter>Source Files</Filter>
    </ClCompile>
    <ClCompile Include="D:\Lokale Dokumenter\GameProgramming2021\SimpleRenderEngineProject\submodules\SimpleRenderEngine\src\sre\Framebuffer.cpp">
      <Filter>Source Files</Filter>
    </ClCompile>
    <ClCompile Include="D:\Lokale Dokumenter\GameProgramming2021\SimpleRenderEngineProject\submodules\SimpleRenderEngine\src\sre\Inspector.cpp">
      <Filter>Source Files</Filter>
    </ClCompile>
    <ClCompile Include="D:\Lokale Dokumenter\GameProgramming2021\SimpleRenderEngineProject\submodules\SimpleRenderEngine\src\sre\Light.cpp">
      <Filter>Source Files</Filter>
    </ClCompile>
    <ClCompile Include="D:\Lokale Dokumenter\GameProgramming2021\SimpleRenderEngineProject\submodules\SimpleRenderEngine\src\sre\Log.cpp">
      <Filter>Source Files</Filter>
    </ClCompile>
    <ClCompile Include="D:\Lokale Dokumenter\GameProgramming2021\SimpleRenderEngineProject\submodules\SimpleRenderEngine\src\sre\Material.cpp">
      <Filter>Source Files</Filter>
    </ClCompile>
    <ClCompile Include="D:\Lokale Dokumenter\GameProgramming2021\SimpleRenderEngineProject\submodules\SimpleRenderEngine\src\sre\Mesh.cpp">
      <Filter>Source Files</Filter>
    </ClCompile>
    <ClCompile Include="D:\Lokale Dokumenter\GameProgramming2021\SimpleRenderEngineProject\submodules\SimpleRenderEngine\src\sre\ModelImporter.cpp">
      <Filter>Source Files</Filter>
    </ClCompile>
    <ClCompile Include="D:\Lokale Dokumenter\GameProgramming2021\SimpleRenderEngineProject\submodules\SimpleRenderEngine\src\sre\RenderPass.cpp">
      <Filter>Source Files</Filter>
    </ClCompile>
    <ClCompile Include="D:\Lokale Dokumenter\GameProgramming2021\SimpleRenderEngineProject\submodules\SimpleRenderEngine\src\sre\Renderer.cpp">
      <Filter>Source Files</Filter>
    </ClCompile>
    <ClCompile Include="D:\Lokale Dokumenter\GameProgramming2021\SimpleRenderEngineProject\submodules\SimpleRenderEngine\src\sre\Resource.cpp">
      <Filter>Source Files</Filter>
    </ClCompile>
    <ClCompile Include="D:\Lokale Dokumenter\GameProgramming2021\SimpleRenderEngineProject\submodules\SimpleRenderEngine\src\sre\SDLRenderer.cpp">
      <Filter>Source Files</Filter>
    </ClCompile>
    <ClCompile Include="D:\Lokale Dokumenter\GameProgramming2021\SimpleRenderEngineProject\submodules\SimpleRenderEngine\src\sre\Shader.cpp">
      <Filter>Source Files</Filter>
    </ClCompile>
    <ClCompile Include="D:\Lokale Dokumenter\GameProgramming2021\SimpleRenderEngineProject\submodules\SimpleRenderEngine\src\sre\Skybox.cpp">
      <Filter>Source Files</Filter>
    </ClCompile>
    <ClCompile Include="D:\Lokale Dokumenter\GameProgramming2021\SimpleRenderEngineProject\submodules\SimpleRenderEngine\src\sre\Sprite.cpp">
      <Filter>Source Files</Filter>
    </ClCompile>
    <ClCompile Include="D:\Lokale Dokumenter\GameProgramming2021\SimpleRenderEngineProject\submodules\SimpleRenderEngine\src\sre\SpriteAtlas.cpp">
      <Filter>Source Files</Filter>
    </ClCompile>
    <ClCompile Include="D:\Lokale Dokumenter\GameProgramming2021\SimpleRenderEngineProject\submodules\SimpleRenderEngine\src\sre\SpriteBatch.cpp">
      <Filter>Source Files</Filter>
    </ClCompile>
    <ClCompile Include="D:\Lokale Dokumenter\GameProgramming2021\SimpleRenderEngineProject\submodules\SimpleRenderEngine\src\sre\Texture.cpp">
      <Filter>Source Files</Filter>
    </ClCompile>
    <ClCompile Include="D:\Lokale Dokumenter\GameProgramming2021\SimpleRenderEngineProject\submodules\SimpleRenderEngine\src\sre\VR.cpp">
      <Filter>Source Files</Filter>
    </ClCompile>
    <ClCompile Include="D:\Lokale Dokumenter\GameProgramming2021\SimpleRenderEngineProject\submodules\SimpleRenderEngine\src\sre\WorldLights.cpp">
      <Filter>Source Files</Filter>
    </ClCompile>
    <ClCompile Include="D:\Lokale Dokumenter\GameProgramming2021\SimpleRenderEngineProject\submodules\SimpleRenderEngine\src\sre\imgui_sre.cpp">
      <Filter>Source Files</Filter>
    </ClCompile>
    <ClCompile Include="D:\Lokale Dokumenter\GameProgramming2021\SimpleRenderEngineProject\submodules\SimpleRenderEngine\src\sre\impl\GL.cpp">
      <Filter>Source Files</Filter>
    </ClCompile>
    <ClCompile Include="D:\Lokale Dokumenter\GameProgramming2021\SimpleRenderEngineProject\submodules\SimpleRenderEngine\src\sre\impl\UniformSet.cpp">
      <Filter>Source Files</Filter>
    </ClCompile>
    <ClCompile Include="D:\Lokale Dokumenter\GameProgramming2021\SimpleRenderEngineProject\submodules\SimpleRenderEngine\submodules\ImGuiColorTextEdit\TextEditor.cpp">
      <Filter>Source Files</Filter>
    </ClCompile>
    <ClCompile Include="D:\Lokale Dokumenter\GameProgramming2021\SimpleRenderEngineProject\submodules\SimpleRenderEngine\submodules\imgui\imgui.cpp">
      <Filter>Source Files</Filter>
    </ClCompile>
    <ClCompile Include="D:\Lokale Dokumenter\GameProgramming2021\SimpleRenderEngineProject\submodules\SimpleRenderEngine\submodules\imgui\imgui_draw.cpp">
      <Filter>Source Files</Filter>
    </ClCompile>
    <ClCompile Include="D:\Lokale Dokumenter\GameProgramming2021\SimpleRenderEngineProject\submodules\SimpleRenderEngine\submodules\imgui\imgui_widgets.cpp">
      <Filter>Source Files</Filter>
    </ClCompile>
  </ItemGroup>
  <ItemGroup>
    <ClInclude Include="D:\Lokale Dokumenter\GameProgramming2021\SimpleRenderEngineProject\submodules\SimpleRenderEngine\include\sre\BlendType.hpp">
      <Filter>Header Files</Filter>
    </ClInclude>
    <ClInclude Include="D:\Lokale Dokumenter\GameProgramming2021\SimpleRenderEngineProject\submodules\SimpleRenderEngine\include\sre\Camera.hpp">
      <Filter>Header Files</Filter>
    </ClInclude>
    <ClInclude Include="D:\Lokale Dokumenter\GameProgramming2021\SimpleRenderEngineProject\submodules\SimpleRenderEngine\include\sre\Color.hpp">
      <Filter>Header Files</Filter>
    </ClInclude>
    <ClInclude Include="D:\Lokale Dokumenter\GameProgramming2021\SimpleRenderEngineProject\submodules\SimpleRenderEngine\include\sre\Framebuffer.hpp">
      <Filter>Header Files</Filter>
    </ClInclude>
    <ClInclude Include="D:\Lokale Dokumenter\GameProgramming2021\SimpleRenderEngineProject\submodules\SimpleRenderEngine\include\sre\Inspector.hpp">
      <Filter>Header Files</Filter>
    </ClInclude>
    <ClInclude Include="D:\Lokale Dokumenter\GameProgramming2021\SimpleRenderEngineProject\submodules\SimpleRenderEngine\include\sre\Light.hpp">
      <Filter>Header Files</Filter>
    </ClInclude>
    <ClInclude Include="D:\Lokale Dokumenter\GameProgramming2021\SimpleRenderEngineProject\submodules\SimpleRenderEngine\include\sre\LightType.hpp">
      <Filter>Header Files</Filter>
    </ClInclude>
    <ClInclude Include="D:\Lokale Dokumenter\GameProgramming2021\SimpleRenderEngineProject\submodules\SimpleRenderEngine\include\sre\Log.hpp">
      <Filter>Header Files</Filter>
    </ClInclude>
    <ClInclude Include="D:\Lokale Dokumenter\GameProgramming2021\SimpleRenderEngineProject\submodules\SimpleRenderEngine\include\sre\Material.hpp">
      <Filter>Header Files</Filter>
    </ClInclude>
    <ClInclude Include="D:\Lokale Dokumenter\GameProgramming2021\SimpleRenderEngineProject\submodules\SimpleRenderEngine\include\sre\Mesh.hpp">
      <Filter>Header Files</Filter>
    </ClInclude>
    <ClInclude Include="D:\Lokale Dokumenter\GameProgramming2021\SimpleRenderEngineProject\submodules\SimpleRenderEngine\include\sre\MeshTopology.hpp">
      <Filter>Header Files</Filter>
    </ClInclude>
    <ClInclude Include="D:\Lokale Dokumenter\GameProgramming2021\SimpleRenderEngineProject\submodules\SimpleRenderEngine\include\sre\ModelImporter.hpp">
      <Filter>Header Files</Filter>
    </ClInclude>
    <ClInclude Include="D:\Lokale Dokumenter\GameProgramming2021\SimpleRenderEngineProject\submodules\SimpleRenderEngine\include\sre\RenderPass.hpp">
      <Filter>Header Files</Filter>
    </ClInclude>
    <ClInclude Include="D:\Lokale Dokumenter\GameProgramming2021\SimpleRenderEngineProject\submodules\SimpleRenderEngine\include\sre\RenderStats.hpp">
      <Filter>Header Files</Filter>
    </ClInclude>
    <ClInclude Include="D:\Lokale Dokumenter\GameProgramming2021\SimpleRenderEngineProject\submodules\SimpleRenderEngine\include\sre\Renderer.hpp">
      <Filter>Header Files</Filter>
    </ClInclude>
    <ClInclude Include="D:\Lokale Dokumenter\GameProgramming2021\SimpleRenderEngineProject\submodules\SimpleRenderEngine\include\sre\Resource.hpp">
      <Filter>Header Files</Filter>
    </ClInclude>
    <ClInclude Include="D:\Lokale Dokumenter\GameProgramming2021\SimpleRenderEngineProject\submodules\SimpleRenderEngine\include\sre\SDLRenderer.hpp">
      <Filter>Header Files</Filter>
    </ClInclude>
    <ClInclude Include="D:\Lokale Dokumenter\GameProgramming2021\SimpleRenderEngineProject\submodules\SimpleRenderEngine\include\sre\Shader.hpp">
      <Filter>Header Files</Filter>
    </ClInclude>
    <ClInclude Include="D:\Lokale Dokumenter\GameProgramming2021\SimpleRenderEngineProject\submodules\SimpleRenderEngine\include\sre\Skybox.hpp">
      <Filter>Header Files</Filter>
    </ClInclude>
    <ClInclude Include="D:\Lokale Dokumenter\GameProgramming2021\SimpleRenderEngineProject\submodules\SimpleRenderEngine\include\sre\Sprite.hpp">
      <Filter>Header Files</Filter>
    </ClInclude>
    <ClInclude Include="D:\Lokale Dokumenter\GameProgramming2021\SimpleRenderEngineProject\submodules\SimpleRenderEngine\include\sre\SpriteAtlas.hpp">
      <Filter>Header Files</Filter>
    </ClInclude>
    <ClInclude Include="D:\Lokale Dokumenter\GameProgramming2021\SimpleRenderEngineProject\submodules\SimpleRenderEngine\include\sre\SpriteBatch.hpp">
      <Filter>Header Files</Filter>
    </ClInclude>
    <ClInclude Include="D:\Lokale Dokumenter\GameProgramming2021\SimpleRenderEngineProject\submodules\SimpleRenderEngine\include\sre\Texture.hpp">
      <Filter>Header Files</Filter>
    </ClInclude>
    <ClInclude Include="D:\Lokale Dokumenter\GameProgramming2021\SimpleRenderEngineProject\submodules\SimpleRenderEngine\include\sre\VR.hpp">
      <Filter>Header Files</Filter>
    </ClInclude>
    <ClInclude Include="D:\Lokale Dokumenter\GameProgramming2021\SimpleRenderEngineProject\submodules\SimpleRenderEngine\include\sre\WorldLights.hpp">
      <Filter>Header Files</Filter>
    </ClInclude>
    <ClInclude Include="D:\Lokale Dokumenter\GameProgramming2021\SimpleRenderEngineProject\submodules\SimpleRenderEngine\include\sre\imgui_sre.hpp">
      <Filter>Header Files</Filter>
    </ClInclude>
    <ClInclude Include="D:\Lokale Dokumenter\GameProgramming2021\SimpleRenderEngineProject\submodules\SimpleRenderEngine\include\sre\impl\CPPShim.hpp">
      <Filter>Header Files</Filter>
    </ClInclude>
    <ClInclude Include="D:\Lokale Dokumenter\GameProgramming2021\SimpleRenderEngineProject\submodules\SimpleRenderEngine\include\sre\impl\Export.hpp">
      <Filter>Header Files</Filter>
    </ClInclude>
    <ClInclude Include="D:\Lokale Dokumenter\GameProgramming2021\SimpleRenderEngineProject\submodules\SimpleRenderEngine\include\sre\impl\GL.hpp">
      <Filter>Header Files</Filter>
    </ClInclude>
    <ClInclude Include="D:\Lokale Dokumenter\GameProgramming2021\SimpleRenderEngineProject\submodules\SimpleRenderEngine\include\sre\impl\UniformSet.hpp">
      <Filter>Header Files</Filter>
    </ClInclude>
  </ItemGroup>
  <ItemGroup>
    <CustomBuild Include="D:\Lokale Dokumenter\GameProgramming2021\SimpleRenderEngineProject\submodules\SimpleRenderEngine\src\CMakeLists.txt" />
  </ItemGroup>
  <ItemGroup>
    <Filter Include="Header Files">
      <UniqueIdentifier>{5D6DDC4A-3C0A-3A2E-A84D-D97A881CCE0A}</UniqueIdentifier>
    </Filter>
    <Filter Include="Source Files">
      <UniqueIdentifier>{F4E64B91-DA5A-3669-8FDE-6198B2C6A7EE}</UniqueIdentifier>
    </Filter>
  </ItemGroup>
</Project>
